<?xml version="1.0" encoding="utf-8"?>
<Project ToolsVersion="4.0" xmlns="http://schemas.microsoft.com/developer/msbuild/2003">
  <ItemGroup>
    <ClCompile Include="$(MSBuildThisFileDirectory)WinMain.cpp">
      <Filter>Source</Filter>
    </ClCompile>
    <ClCompile Include="$(MSBuildThisFileDirectory)Character.cpp">
      <Filter>Source</Filter>
    </ClCompile>
    <ClCompile Include="$(MSBuildThisFileDirectory)EfkInterce.cpp">
      <Filter>Source</Filter>
    </ClCompile>
    <ClCompile Include="$(MSBuildThisFileDirectory)Enemy.cpp">
      <Filter>Source</Filter>
    </ClCompile>
    <ClCompile Include="$(MSBuildThisFileDirectory)GameStage.cpp">
      <Filter>Source</Filter>
    </ClCompile>
    <ClCompile Include="$(MSBuildThisFileDirectory)Gimmick.cpp">
      <Filter>Source</Filter>
    </ClCompile>
    <ClCompile Include="$(MSBuildThisFileDirectory)MyCamera.cpp">
      <Filter>Source</Filter>
    </ClCompile>
    <ClCompile Include="$(MSBuildThisFileDirectory)Player.cpp">
      <Filter>Source</Filter>
    </ClCompile>
    <ClCompile Include="$(MSBuildThisFileDirectory)ProjectBehavior.cpp">
      <Filter>Source</Filter>
    </ClCompile>
    <ClCompile Include="$(MSBuildThisFileDirectory)Scene.cpp">
      <Filter>Source</Filter>
    </ClCompile>
    <ClCompile Include="$(MSBuildThisFileDirectory)Shell.cpp">
      <Filter>Source</Filter>
    </ClCompile>
    <ClCompile Include="$(MSBuildThisFileDirectory)Shell_Child.cpp">
      <Filter>Source</Filter>
    </ClCompile>
    <ClCompile Include="$(MSBuildThisFileDirectory)Shell_Dash.cpp">
      <Filter>Source</Filter>
    </ClCompile>
    <ClCompile Include="$(MSBuildThisFileDirectory)SimpleObject.cpp">
      <Filter>Source</Filter>
    </ClCompile>
    <ClCompile Include="$(MSBuildThisFileDirectory)StageCreate.cpp">
      <Filter>Source</Filter>
    </ClCompile>
    <ClCompile Include="$(MSBuildThisFileDirectory)StageSelect.cpp">
      <Filter>Source</Filter>
    </ClCompile>
    <ClCompile Include="$(MSBuildThisFileDirectory)Title.cpp">
      <Filter>Source</Filter>
    </ClCompile>
    <ClCompile Include="$(MSBuildThisFileDirectory)UI.cpp">
      <Filter>Source</Filter>
    </ClCompile>
    <ClCompile Include="$(MSBuildThisFileDirectory)LicenseStage.cpp">
      <Filter>Source</Filter>
    </ClCompile>
    <ClCompile Include="$(MSBuildThisFileDirectory)HermitCrab.cpp">
      <Filter>Source</Filter>
    </ClCompile>
    <ClCompile Include="$(MSBuildThisFileDirectory)Effect.cpp">
      <Filter>Source</Filter>
    </ClCompile>
  </ItemGroup>
  <ItemGroup>
    <ClInclude Include="$(MSBuildThisFileDirectory)Character.h">
      <Filter>Header</Filter>
    </ClInclude>
    <ClInclude Include="$(MSBuildThisFileDirectory)EfkInterce.h">
      <Filter>Header</Filter>
    </ClInclude>
    <ClInclude Include="$(MSBuildThisFileDirectory)Enemy.h">
      <Filter>Header</Filter>
    </ClInclude>
    <ClInclude Include="$(MSBuildThisFileDirectory)GameStage.h">
      <Filter>Header</Filter>
    </ClInclude>
    <ClInclude Include="$(MSBuildThisFileDirectory)Gimmick.h">
      <Filter>Header</Filter>
    </ClInclude>
    <ClInclude Include="$(MSBuildThisFileDirectory)MyCamera.h">
      <Filter>Header</Filter>
    </ClInclude>
    <ClInclude Include="$(MSBuildThisFileDirectory)Player.h">
      <Filter>Header</Filter>
    </ClInclude>
    <ClInclude Include="$(MSBuildThisFileDirectory)Project.h">
      <Filter>Header</Filter>
    </ClInclude>
    <ClInclude Include="$(MSBuildThisFileDirectory)ProjectBehavior.h">
      <Filter>Header</Filter>
    </ClInclude>
    <ClInclude Include="$(MSBuildThisFileDirectory)Scene.h">
      <Filter>Header</Filter>
    </ClInclude>
    <ClInclude Include="$(MSBuildThisFileDirectory)Shell.h">
      <Filter>Header</Filter>
    </ClInclude>
    <ClInclude Include="$(MSBuildThisFileDirectory)Shell_Child.h">
      <Filter>Header</Filter>
    </ClInclude>
    <ClInclude Include="$(MSBuildThisFileDirectory)Shell_Dash.h">
      <Filter>Header</Filter>
    </ClInclude>
    <ClInclude Include="$(MSBuildThisFileDirectory)SimpleObject.h">
      <Filter>Header</Filter>
    </ClInclude>
    <ClInclude Include="$(MSBuildThisFileDirectory)StageCreate.h">
      <Filter>Header</Filter>
    </ClInclude>
    <ClInclude Include="$(MSBuildThisFileDirectory)StageSelect.h">
      <Filter>Header</Filter>
    </ClInclude>
    <ClInclude Include="$(MSBuildThisFileDirectory)Title.h">
      <Filter>Header</Filter>
    </ClInclude>
    <ClInclude Include="$(MSBuildThisFileDirectory)UI.h">
      <Filter>Header</Filter>
    </ClInclude>
    <ClInclude Include="$(MSBuildThisFileDirectory)LicenseStage.h">
      <Filter>Header</Filter>
    </ClInclude>
    <ClInclude Include="$(MSBuildThisFileDirectory)HermitCrab.h">
      <Filter>Header</Filter>
    </ClInclude>
    <ClInclude Include="$(MSBuildThisFileDirectory)Effect.h">
      <Filter>Header</Filter>
    </ClInclude>
  </ItemGroup>
  <ItemGroup>
    <Filter Include="Header">
      <UniqueIdentifier>{2007a0cf-23b9-474c-a726-523a1d156033}</UniqueIdentifier>
    </Filter>
    <Filter Include="Source">
      <UniqueIdentifier>{ae287420-7f0a-4104-9ce7-29507b23c090}</UniqueIdentifier>
    </Filter>
  </ItemGroup>
</Project>